// !$*UTF8*$!
{
	archiveVersion = 1;
	classes = {
	};
	objectVersion = 50;
	objects = {

/* Begin PBXBuildFile section */
		CF1EC2A0247B19C600873DB8 /* AppDelegate.swift in Sources */ = {isa = PBXBuildFile; fileRef = CF1EC29F247B19C600873DB8 /* AppDelegate.swift */; };
		CF1EC2A2247B19C600873DB8 /* SceneDelegate.swift in Sources */ = {isa = PBXBuildFile; fileRef = CF1EC2A1247B19C600873DB8 /* SceneDelegate.swift */; };
		CF1EC2A7247B19C600873DB8 /* Main.storyboard in Resources */ = {isa = PBXBuildFile; fileRef = CF1EC2A5247B19C600873DB8 /* Main.storyboard */; };
		CF1EC2A9247B19CA00873DB8 /* Assets.xcassets in Resources */ = {isa = PBXBuildFile; fileRef = CF1EC2A8247B19CA00873DB8 /* Assets.xcassets */; };
		CF1EC2AC247B19CA00873DB8 /* LaunchScreen.storyboard in Resources */ = {isa = PBXBuildFile; fileRef = CF1EC2AA247B19CA00873DB8 /* LaunchScreen.storyboard */; };
		CF1EC2B4247B1BC000873DB8 /* ToDoListViewController.swift in Sources */ = {isa = PBXBuildFile; fileRef = CF1EC2B3247B1BC000873DB8 /* ToDoListViewController.swift */; };
		CF3FA7BA247F123F00D1B1E0 /* DataModel.xcdatamodeld in Sources */ = {isa = PBXBuildFile; fileRef = CF3FA7B8247F123F00D1B1E0 /* DataModel.xcdatamodeld */; };
		CF3FA7DF2483094900D1B1E0 /* CategoryViewController.swift in Sources */ = {isa = PBXBuildFile; fileRef = CF3FA7DE2483094900D1B1E0 /* CategoryViewController.swift */; };
/* End PBXBuildFile section */

/* Begin PBXFileReference section */
		CF1EC29C247B19C600873DB8 /* Todoey.app */ = {isa = PBXFileReference; explicitFileType = wrapper.application; includeInIndex = 0; path = Todoey.app; sourceTree = BUILT_PRODUCTS_DIR; };
		CF1EC29F247B19C600873DB8 /* AppDelegate.swift */ = {isa = PBXFileReference; lastKnownFileType = sourcecode.swift; path = AppDelegate.swift; sourceTree = "<group>"; };
		CF1EC2A1247B19C600873DB8 /* SceneDelegate.swift */ = {isa = PBXFileReference; lastKnownFileType = sourcecode.swift; path = SceneDelegate.swift; sourceTree = "<group>"; };
		CF1EC2A6247B19C600873DB8 /* Base */ = {isa = PBXFileReference; lastKnownFileType = file.storyboard; name = Base; path = Base.lproj/Main.storyboard; sourceTree = "<group>"; };
		CF1EC2A8247B19CA00873DB8 /* Assets.xcassets */ = {isa = PBXFileReference; lastKnownFileType = folder.assetcatalog; path = Assets.xcassets; sourceTree = "<group>"; };
		CF1EC2AB247B19CA00873DB8 /* Base */ = {isa = PBXFileReference; lastKnownFileType = file.storyboard; name = Base; path = Base.lproj/LaunchScreen.storyboard; sourceTree = "<group>"; };
		CF1EC2AD247B19CA00873DB8 /* Info.plist */ = {isa = PBXFileReference; lastKnownFileType = text.plist.xml; path = Info.plist; sourceTree = "<group>"; };
		CF1EC2B3247B1BC000873DB8 /* ToDoListViewController.swift */ = {isa = PBXFileReference; lastKnownFileType = sourcecode.swift; path = ToDoListViewController.swift; sourceTree = "<group>"; };
		CF3FA7B9247F123F00D1B1E0 /* DataModel.xcdatamodel */ = {isa = PBXFileReference; lastKnownFileType = wrapper.xcdatamodel; path = DataModel.xcdatamodel; sourceTree = "<group>"; };
		CF3FA7DE2483094900D1B1E0 /* CategoryViewController.swift */ = {isa = PBXFileReference; lastKnownFileType = sourcecode.swift; path = CategoryViewController.swift; sourceTree = "<group>"; };
/* End PBXFileReference section */

/* Begin PBXFrameworksBuildPhase section */
		CF1EC299247B19C600873DB8 /* Frameworks */ = {
			isa = PBXFrameworksBuildPhase;
			buildActionMask = 2147483647;
			files = (
			);
			runOnlyForDeploymentPostprocessing = 0;
		};
/* End PBXFrameworksBuildPhase section */

/* Begin PBXGroup section */
		CF085545247DC91600BDFAE6 /* Data Model */ = {
			isa = PBXGroup;
			children = (
				CF3FA7B8247F123F00D1B1E0 /* DataModel.xcdatamodeld */,
			);
			path = "Data Model";
			sourceTree = "<group>";
		};
		CF085546247DC94D00BDFAE6 /* Controllers */ = {
			isa = PBXGroup;
			children = (
				CF3FA7DE2483094900D1B1E0 /* CategoryViewController.swift */,
				CF1EC2B3247B1BC000873DB8 /* ToDoListViewController.swift */,
			);
			path = Controllers;
			sourceTree = "<group>";
		};
		CF085547247DC96000BDFAE6 /* Views */ = {
			isa = PBXGroup;
			children = (
				CF1EC2A5247B19C600873DB8 /* Main.storyboard */,
			);
			path = Views;
			sourceTree = "<group>";
		};
		CF085548247DC96C00BDFAE6 /* Supporting Files */ = {
			isa = PBXGroup;
			children = (
				CF1EC2A8247B19CA00873DB8 /* Assets.xcassets */,
				CF1EC2AA247B19CA00873DB8 /* LaunchScreen.storyboard */,
			);
			path = "Supporting Files";
			sourceTree = "<group>";
		};
		CF1EC293247B19C600873DB8 = {
			isa = PBXGroup;
			children = (
				CF1EC29E247B19C600873DB8 /* Todoey */,
				CF1EC29D247B19C600873DB8 /* Products */,
			);
			sourceTree = "<group>";
		};
		CF1EC29D247B19C600873DB8 /* Products */ = {
			isa = PBXGroup;
			children = (
				CF1EC29C247B19C600873DB8 /* Todoey.app */,
			);
			name = Products;
			sourceTree = "<group>";
		};
		CF1EC29E247B19C600873DB8 /* Todoey */ = {
			isa = PBXGroup;
			children = (
				CF1EC29F247B19C600873DB8 /* AppDelegate.swift */,
				CF1EC2A1247B19C600873DB8 /* SceneDelegate.swift */,
				CF085546247DC94D00BDFAE6 /* Controllers */,
				CF085545247DC91600BDFAE6 /* Data Model */,
				CF085547247DC96000BDFAE6 /* Views */,
				CF085548247DC96C00BDFAE6 /* Supporting Files */,
				CF1EC2AD247B19CA00873DB8 /* Info.plist */,
			);
			path = Todoey;
			sourceTree = "<group>";
		};
/* End PBXGroup section */

/* Begin PBXNativeTarget section */
		CF1EC29B247B19C600873DB8 /* Todoey */ = {
			isa = PBXNativeTarget;
			buildConfigurationList = CF1EC2B0247B19CA00873DB8 /* Build configuration list for PBXNativeTarget "Todoey" */;
			buildPhases = (
				CF1EC298247B19C600873DB8 /* Sources */,
				CF1EC299247B19C600873DB8 /* Frameworks */,
				CF1EC29A247B19C600873DB8 /* Resources */,
			);
			buildRules = (
			);
			dependencies = (
			);
			name = Todoey;
			productName = Todoey;
			productReference = CF1EC29C247B19C600873DB8 /* Todoey.app */;
			productType = "com.apple.product-type.application";
		};
/* End PBXNativeTarget section */

/* Begin PBXProject section */
		CF1EC294247B19C600873DB8 /* Project object */ = {
			isa = PBXProject;
			attributes = {
				LastSwiftUpdateCheck = 1140;
				LastUpgradeCheck = 1140;
				ORGANIZATIONNAME = "Max Thomas";
				TargetAttributes = {
					CF1EC29B247B19C600873DB8 = {
						CreatedOnToolsVersion = 11.4.1;
					};
				};
			};
			buildConfigurationList = CF1EC297247B19C600873DB8 /* Build configuration list for PBXProject "Todoey" */;
			compatibilityVersion = "Xcode 9.3";
			developmentRegion = en;
			hasScannedForEncodings = 0;
			knownRegions = (
				en,
				Base,
			);
			mainGroup = CF1EC293247B19C600873DB8;
			productRefGroup = CF1EC29D247B19C600873DB8 /* Products */;
			projectDirPath = "";
			projectRoot = "";
			targets = (
				CF1EC29B247B19C600873DB8 /* Todoey */,
			);
		};
/* End PBXProject section */

/* Begin PBXResourcesBuildPhase section */
		CF1EC29A247B19C600873DB8 /* Resources */ = {
			isa = PBXResourcesBuildPhase;
			buildActionMask = 2147483647;
			files = (
				CF1EC2AC247B19CA00873DB8 /* LaunchScreen.storyboard in Resources */,
				CF1EC2A9247B19CA00873DB8 /* Assets.xcassets in Resources */,
				CF1EC2A7247B19C600873DB8 /* Main.storyboard in Resources */,
			);
			runOnlyForDeploymentPostprocessing = 0;
		};
/* End PBXResourcesBuildPhase section */

/* Begin PBXSourcesBuildPhase section */
		CF1EC298247B19C600873DB8 /* Sources */ = {
			isa = PBXSourcesBuildPhase;
			buildActionMask = 2147483647;
			files = (
				CF3FA7DF2483094900D1B1E0 /* CategoryViewController.swift in Sources */,
				CF3FA7BA247F123F00D1B1E0 /* DataModel.xcdatamodeld in Sources */,
				CF1EC2B4247B1BC000873DB8 /* ToDoListViewController.swift in Sources */,
				CF1EC2A0247B19C600873DB8 /* AppDelegate.swift in Sources */,
				CF1EC2A2247B19C600873DB8 /* SceneDelegate.swift in Sources */,
			);
			runOnlyForDeploymentPostprocessing = 0;
		};
/* End PBXSourcesBuildPhase section */

/* Begin PBXVariantGroup section */
		CF1EC2A5247B19C600873DB8 /* Main.storyboard */ = {
			isa = PBXVariantGroup;
			children = (
				CF1EC2A6247B19C600873DB8 /* Base */,
			);
			name = Main.storyboard;
			sourceTree = "<group>";
		};
		CF1EC2AA247B19CA00873DB8 /* LaunchScreen.storyboard */ = {
			isa = PBXVariantGroup;
			children = (
				CF1EC2AB247B19CA00873DB8 /* Base */,
			);
			name = LaunchScreen.storyboard;
			sourceTree = "<group>";
		};
/* End PBXVariantGroup section */

/* Begin XCBuildConfiguration section */
		CF1EC2AE247B19CA00873DB8 /* Debug */ = {
			isa = XCBuildConfiguration;
			buildSettings = {
				ALWAYS_SEARCH_USER_PATHS = NO;
				CLANG_ANALYZER_NONNULL = YES;
				CLANG_ANALYZER_NUMBER_OBJECT_CONVERSION = YES_AGGRESSIVE;
				CLANG_CXX_LANGUAGE_STANDARD = "gnu++14";
				CLANG_CXX_LIBRARY = "libc++";
				CLANG_ENABLE_MODULES = YES;
				CLANG_ENABLE_OBJC_ARC = YES;
				CLANG_ENABLE_OBJC_WEAK = YES;
				CLANG_WARN_BLOCK_CAPTURE_AUTORELEASING = YES;
				CLANG_WARN_BOOL_CONVERSION = YES;
				CLANG_WARN_COMMA = YES;
				CLANG_WARN_CONSTANT_CONVERSION = YES;
				CLANG_WARN_DEPRECATED_OBJC_IMPLEMENTATIONS = YES;
				CLANG_WARN_DIRECT_OBJC_ISA_USAGE = YES_ERROR;
				CLANG_WARN_DOCUMENTATION_COMMENTS = YES;
				CLANG_WARN_EMPTY_BODY = YES;
				CLANG_WARN_ENUM_CONVERSION = YES;
				CLANG_WARN_INFINITE_RECURSION = YES;
				CLANG_WARN_INT_CONVERSION = YES;
				CLANG_WARN_NON_LITERAL_NULL_CONVERSION = YES;
				CLANG_WARN_OBJC_IMPLICIT_RETAIN_SELF = YES;
				CLANG_WARN_OBJC_LITERAL_CONVERSION = YES;
				CLANG_WARN_OBJC_ROOT_CLASS = YES_ERROR;
				CLANG_WARN_RANGE_LOOP_ANALYSIS = YES;
				CLANG_WARN_STRICT_PROTOTYPES = YES;
				CLANG_WARN_SUSPICIOUS_MOVE = YES;
				CLANG_WARN_UNGUARDED_AVAILABILITY = YES_AGGRESSIVE;
				CLANG_WARN_UNREACHABLE_CODE = YES;
				CLANG_WARN__DUPLICATE_METHOD_MATCH = YES;
				COPY_PHASE_STRIP = NO;
				DEBUG_INFORMATION_FORMAT = dwarf;
				ENABLE_STRICT_OBJC_MSGSEND = YES;
				ENABLE_TESTABILITY = YES;
				GCC_C_LANGUAGE_STANDARD = gnu11;
				GCC_DYNAMIC_NO_PIC = NO;
				GCC_NO_COMMON_BLOCKS = YES;
				GCC_OPTIMIZATION_LEVEL = 0;
				GCC_PREPROCESSOR_DEFINITIONS = (
					"DEBUG=1",
					"$(inherited)",
				);
				GCC_WARN_64_TO_32_BIT_CONVERSION = YES;
				GCC_WARN_ABOUT_RETURN_TYPE = YES_ERROR;
				GCC_WARN_UNDECLARED_SELECTOR = YES;
				GCC_WARN_UNINITIALIZED_AUTOS = YES_AGGRESSIVE;
				GCC_WARN_UNUSED_FUNCTION = YES;
				GCC_WARN_UNUSED_VARIABLE = YES;
				IPHONEOS_DEPLOYMENT_TARGET = 13.4;
				MTL_ENABLE_DEBUG_INFO = INCLUDE_SOURCE;
				MTL_FAST_MATH = YES;
				ONLY_ACTIVE_ARCH = YES;
				SDKROOT = iphoneos;
				SWIFT_ACTIVE_COMPILATION_CONDITIONS = DEBUG;
				SWIFT_OPTIMIZATION_LEVEL = "-Onone";
			};
			name = Debug;
		};
		CF1EC2AF247B19CA00873DB8 /* Release */ = {
			isa = XCBuildConfiguration;
			buildSettings = {
				ALWAYS_SEARCH_USER_PATHS = NO;
				CLANG_ANALYZER_NONNULL = YES;
				CLANG_ANALYZER_NUMBER_OBJECT_CONVERSION = YES_AGGRESSIVE;
				CLANG_CXX_LANGUAGE_STANDARD = "gnu++14";
				CLANG_CXX_LIBRARY = "libc++";
				CLANG_ENABLE_MODULES = YES;
				CLANG_ENABLE_OBJC_ARC = YES;
				CLANG_ENABLE_OBJC_WEAK = YES;
				CLANG_WARN_BLOCK_CAPTURE_AUTORELEASING = YES;
				CLANG_WARN_BOOL_CONVERSION = YES;
				CLANG_WARN_COMMA = YES;
				CLANG_WARN_CONSTANT_CONVERSION = YES;
				CLANG_WARN_DEPRECATED_OBJC_IMPLEMENTATIONS = YES;
				CLANG_WARN_DIRECT_OBJC_ISA_USAGE = YES_ERROR;
				CLANG_WARN_DOCUMENTATION_COMMENTS = YES;
				CLANG_WARN_EMPTY_BODY = YES;
				CLANG_WARN_ENUM_CONVERSION = YES;
				CLANG_WARN_INFINITE_RECURSION = YES;
				CLANG_WARN_INT_CONVERSION = YES;
				CLANG_WARN_NON_LITERAL_NULL_CONVERSION = YES;
				CLANG_WARN_OBJC_IMPLICIT_RETAIN_SELF = YES;
				CLANG_WARN_OBJC_LITERAL_CONVERSION = YES;
				CLANG_WARN_OBJC_ROOT_CLASS = YES_ERROR;
				CLANG_WARN_RANGE_LOOP_ANALYSIS = YES;
				CLANG_WARN_STRICT_PROTOTYPES = YES;
				CLANG_WARN_SUSPICIOUS_MOVE = YES;
				CLANG_WARN_UNGUARDED_AVAILABILITY = YES_AGGRESSIVE;
				CLANG_WARN_UNREACHABLE_CODE = YES;
				CLANG_WARN__DUPLICATE_METHOD_MATCH = YES;
				COPY_PHASE_STRIP = NO;
				DEBUG_INFORMATION_FORMAT = "dwarf-with-dsym";
				ENABLE_NS_ASSERTIONS = NO;
				ENABLE_STRICT_OBJC_MSGSEND = YES;
				GCC_C_LANGUAGE_STANDARD = gnu11;
				GCC_NO_COMMON_BLOCKS = YES;
				GCC_WARN_64_TO_32_BIT_CONVERSION = YES;
				GCC_WARN_ABOUT_RETURN_TYPE = YES_ERROR;
				GCC_WARN_UNDECLARED_SELECTOR = YES;
				GCC_WARN_UNINITIALIZED_AUTOS = YES_AGGRESSIVE;
				GCC_WARN_UNUSED_FUNCTION = YES;
				GCC_WARN_UNUSED_VARIABLE = YES;
				IPHONEOS_DEPLOYMENT_TARGET = 13.4;
				MTL_ENABLE_DEBUG_INFO = NO;
				MTL_FAST_MATH = YES;
				SDKROOT = iphoneos;
				SWIFT_COMPILATION_MODE = wholemodule;
				SWIFT_OPTIMIZATION_LEVEL = "-O";
				VALIDATE_PRODUCT = YES;
			};
			name = Release;
		};
		CF1EC2B1247B19CA00873DB8 /* Debug */ = {
			isa = XCBuildConfiguration;
			buildSettings = {
				ASSETCATALOG_COMPILER_APPICON_NAME = AppIcon;
				CODE_SIGN_STYLE = Automatic;
				DEVELOPMENT_TEAM = 6VC7V8Z2BQ;
				INFOPLIST_FILE = Todoey/Info.plist;
				LD_RUNPATH_SEARCH_PATHS = (
					"$(inherited)",
					"@executable_path/Frameworks",
				);
				PRODUCT_BUNDLE_IDENTIFIER = com.maxthomas.Todoey;
				PRODUCT_NAME = "$(TARGET_NAME)";
				SWIFT_VERSION = 5.0;
				TARGETED_DEVICE_FAMILY = "1,2";
			};
			name = Debug;
		};
		CF1EC2B2247B19CA00873DB8 /* Release */ = {
			isa = XCBuildConfiguration;
			buildSettings = {
				ASSETCATALOG_COMPILER_APPICON_NAME = AppIcon;
				CODE_SIGN_STYLE = Automatic;
				DEVELOPMENT_TEAM = 6VC7V8Z2BQ;
				INFOPLIST_FILE = Todoey/Info.plist;
				LD_RUNPATH_SEARCH_PATHS = (
					"$(inherited)",
					"@executable_path/Frameworks",
				);
				PRODUCT_BUNDLE_IDENTIFIER = com.maxthomas.Todoey;
				PRODUCT_NAME = "$(TARGET_NAME)";
				SWIFT_VERSION = 5.0;
				TARGETED_DEVICE_FAMILY = "1,2";
			};
			name = Release;
		};
/* End XCBuildConfiguration section */

/* Begin XCConfigurationList section */
		CF1EC297247B19C600873DB8 /* Build configuration list for PBXProject "Todoey" */ = {
			isa = XCConfigurationList;
			buildConfigurations = (
				CF1EC2AE247B19CA00873DB8 /* Debug */,
				CF1EC2AF247B19CA00873DB8 /* Release */,
			);
			defaultConfigurationIsVisible = 0;
			defaultConfigurationName = Release;
		};
		CF1EC2B0247B19CA00873DB8 /* Build configuration list for PBXNativeTarget "Todoey" */ = {
			isa = XCConfigurationList;
			buildConfigurations = (
				CF1EC2B1247B19CA00873DB8 /* Debug */,
				CF1EC2B2247B19CA00873DB8 /* Release */,
			);
			defaultConfigurationIsVisible = 0;
			defaultConfigurationName = Release;
		};
/* End XCConfigurationList section */

/* Begin XCVersionGroup section */
		CF3FA7B8247F123F00D1B1E0 /* DataModel.xcdatamodeld */ = {
			isa = XCVersionGroup;
			children = (
				CF3FA7B9247F123F00D1B1E0 /* DataModel.xcdatamodel */,
			);
			currentVersion = CF3FA7B9247F123F00D1B1E0 /* DataModel.xcdatamodel */;
			name = DataModel.xcdatamodeld;
			path = ../Controllers/DataModel.xcdatamodeld;
			sourceTree = "<group>";
			versionGroupType = wrapper.xcdatamodel;
		};
/* End XCVersionGroup section */
	};
	rootObject = CF1EC294247B19C600873DB8 /* Project object */;
}
