// !$*UTF8*$!
{
	archiveVersion = 1;
	classes = {
	};
	objectVersion = 51;
	objects = {

/* Begin PBXBuildFile section */
		CF1EC2A0247B19C600873DB8 /* AppDelegate.swift in Sources */ = {isa = PBXBuildFile; fileRef = CF1EC29F247B19C600873DB8 /* AppDelegate.swift */; };
		CF1EC2A2247B19C600873DB8 /* SceneDelegate.swift in Sources */ = {isa = PBXBuildFile; fileRef = CF1EC2A1247B19C600873DB8 /* SceneDelegate.swift */; };
		CF1EC2A7247B19C600873DB8 /* Main.storyboard in Resources */ = {isa = PBXBuildFile; fileRef = CF1EC2A5247B19C600873DB8 /* Main.storyboard */; };
		CF1EC2A9247B19CA00873DB8 /* Assets.xcassets in Resources */ = {isa = PBXBuildFile; fileRef = CF1EC2A8247B19CA00873DB8 /* Assets.xcassets */; };
		CF1EC2AC247B19CA00873DB8 /* LaunchScreen.storyboard in Resources */ = {isa = PBXBuildFile; fileRef = CF1EC2AA247B19CA00873DB8 /* LaunchScreen.storyboard */; };
		CF1EC2B4247B1BC000873DB8 /* ToDoListViewController.swift in Sources */ = {isa = PBXBuildFile; fileRef = CF1EC2B3247B1BC000873DB8 /* ToDoListViewController.swift */; };
		CF3FA7DF2483094900D1B1E0 /* CategoryViewController.swift in Sources */ = {isa = PBXBuildFile; fileRef = CF3FA7DE2483094900D1B1E0 /* CategoryViewController.swift */; };
		CF88C0A62489700200B00345 /* Item.swift in Sources */ = {isa = PBXBuildFile; fileRef = CF88C0A52489700200B00345 /* Item.swift */; };
		CF88C0A82489701200B00345 /* Category.swift in Sources */ = {isa = PBXBuildFile; fileRef = CF88C0A72489701200B00345 /* Category.swift */; };
		CF983378248BA62700F6C784 /* SwipeTableViewController.swift in Sources */ = {isa = PBXBuildFile; fileRef = CF983377248BA62700F6C784 /* SwipeTableViewController.swift */; };
		E7C5FF8E7B178DCE61619D70 /* Pods_Todoey.framework in Frameworks */ = {isa = PBXBuildFile; fileRef = F7B1A406623E87FED67E00A4 /* Pods_Todoey.framework */; };
/* End PBXBuildFile section */

/* Begin PBXFileReference section */
		9918F40D2F5BD9B065CDA16A /* Pods-Todoey.release.xcconfig */ = {isa = PBXFileReference; includeInIndex = 1; lastKnownFileType = text.xcconfig; name = "Pods-Todoey.release.xcconfig"; path = "Target Support Files/Pods-Todoey/Pods-Todoey.release.xcconfig"; sourceTree = "<group>"; };
		CF1EC29C247B19C600873DB8 /* Todoey.app */ = {isa = PBXFileReference; explicitFileType = wrapper.application; includeInIndex = 0; path = Todoey.app; sourceTree = BUILT_PRODUCTS_DIR; };
		CF1EC29F247B19C600873DB8 /* AppDelegate.swift */ = {isa = PBXFileReference; lastKnownFileType = sourcecode.swift; path = AppDelegate.swift; sourceTree = "<group>"; };
		CF1EC2A1247B19C600873DB8 /* SceneDelegate.swift */ = {isa = PBXFileReference; lastKnownFileType = sourcecode.swift; path = SceneDelegate.swift; sourceTree = "<group>"; };
		CF1EC2A6247B19C600873DB8 /* Base */ = {isa = PBXFileReference; lastKnownFileType = file.storyboard; name = Base; path = Base.lproj/Main.storyboard; sourceTree = "<group>"; };
		CF1EC2A8247B19CA00873DB8 /* Assets.xcassets */ = {isa = PBXFileReference; lastKnownFileType = folder.assetcatalog; path = Assets.xcassets; sourceTree = "<group>"; };
		CF1EC2AB247B19CA00873DB8 /* Base */ = {isa = PBXFileReference; lastKnownFileType = file.storyboard; name = Base; path = Base.lproj/LaunchScreen.storyboard; sourceTree = "<group>"; };
		CF1EC2AD247B19CA00873DB8 /* Info.plist */ = {isa = PBXFileReference; lastKnownFileType = text.plist.xml; path = Info.plist; sourceTree = "<group>"; };
		CF1EC2B3247B1BC000873DB8 /* ToDoListViewController.swift */ = {isa = PBXFileReference; lastKnownFileType = sourcecode.swift; path = ToDoListViewController.swift; sourceTree = "<group>"; };
		CF3FA7DE2483094900D1B1E0 /* CategoryViewController.swift */ = {isa = PBXFileReference; lastKnownFileType = sourcecode.swift; path = CategoryViewController.swift; sourceTree = "<group>"; };
		CF88C0A52489700200B00345 /* Item.swift */ = {isa = PBXFileReference; lastKnownFileType = sourcecode.swift; path = Item.swift; sourceTree = "<group>"; };
		CF88C0A72489701200B00345 /* Category.swift */ = {isa = PBXFileReference; lastKnownFileType = sourcecode.swift; path = Category.swift; sourceTree = "<group>"; };
		CF983377248BA62700F6C784 /* SwipeTableViewController.swift */ = {isa = PBXFileReference; lastKnownFileType = sourcecode.swift; path = SwipeTableViewController.swift; sourceTree = "<group>"; };
		D1305956A4F0B0F09A84ECD2 /* Pods-Todoey.debug.xcconfig */ = {isa = PBXFileReference; includeInIndex = 1; lastKnownFileType = text.xcconfig; name = "Pods-Todoey.debug.xcconfig"; path = "Target Support Files/Pods-Todoey/Pods-Todoey.debug.xcconfig"; sourceTree = "<group>"; };
		F7B1A406623E87FED67E00A4 /* Pods_Todoey.framework */ = {isa = PBXFileReference; explicitFileType = wrapper.framework; includeInIndex = 0; path = Pods_Todoey.framework; sourceTree = BUILT_PRODUCTS_DIR; };
/* End PBXFileReference section */

/* Begin PBXFrameworksBuildPhase section */
		CF1EC299247B19C600873DB8 /* Frameworks */ = {
			isa = PBXFrameworksBuildPhase;
			buildActionMask = 2147483647;
			files = (
				E7C5FF8E7B178DCE61619D70 /* Pods_Todoey.framework in Frameworks */,
			);
			runOnlyForDeploymentPostprocessing = 0;
		};
/* End PBXFrameworksBuildPhase section */

/* Begin PBXGroup section */
		CF085545247DC91600BDFAE6 /* Data Model */ = {
			isa = PBXGroup;
			children = (
				CF88C0A72489701200B00345 /* Category.swift */,
				CF88C0A52489700200B00345 /* Item.swift */,
			);
			path = "Data Model";
			sourceTree = "<group>";
		};
		CF085546247DC94D00BDFAE6 /* Controllers */ = {
			isa = PBXGroup;
			children = (
				CF3FA7DE2483094900D1B1E0 /* CategoryViewController.swift */,
				CF1EC2B3247B1BC000873DB8 /* ToDoListViewController.swift */,
				CF983377248BA62700F6C784 /* SwipeTableViewController.swift */,
			);
			path = Controllers;
			sourceTree = "<group>";
		};
		CF085547247DC96000BDFAE6 /* Views */ = {
			isa = PBXGroup;
			children = (
				CF1EC2A5247B19C600873DB8 /* Main.storyboard */,
			);
			path = Views;
			sourceTree = "<group>";
		};
		CF085548247DC96C00BDFAE6 /* Supporting Files */ = {
			isa = PBXGroup;
			children = (
				CF1EC2A8247B19CA00873DB8 /* Assets.xcassets */,
				CF1EC2AA247B19CA00873DB8 /* LaunchScreen.storyboard */,
			);
			path = "Supporting Files";
			sourceTree = "<group>";
		};
		CF1EC293247B19C600873DB8 = {
			isa = PBXGroup;
			children = (
				CF1EC29E247B19C600873DB8 /* Todoey */,
				CF1EC29D247B19C600873DB8 /* Products */,
				F6479F4DFEE94A1630AE0899 /* Pods */,
				EEF87B1A371DB622261759B2 /* Frameworks */,
			);
			sourceTree = "<group>";
		};
		CF1EC29D247B19C600873DB8 /* Products */ = {
			isa = PBXGroup;
			children = (
				CF1EC29C247B19C600873DB8 /* Todoey.app */,
			);
			name = Products;
			sourceTree = "<group>";
		};
		CF1EC29E247B19C600873DB8 /* Todoey */ = {
			isa = PBXGroup;
			children = (
				CF1EC29F247B19C600873DB8 /* AppDelegate.swift */,
				CF1EC2A1247B19C600873DB8 /* SceneDelegate.swift */,
				CF085546247DC94D00BDFAE6 /* Controllers */,
				CF085545247DC91600BDFAE6 /* Data Model */,
				CF085547247DC96000BDFAE6 /* Views */,
				CF085548247DC96C00BDFAE6 /* Supporting Files */,
				CF1EC2AD247B19CA00873DB8 /* Info.plist */,
			);
			path = Todoey;
			sourceTree = "<group>";
		};
		EEF87B1A371DB622261759B2 /* Frameworks */ = {
			isa = PBXGroup;
			children = (
				F7B1A406623E87FED67E00A4 /* Pods_Todoey.framework */,
			);
			name = Frameworks;
			sourceTree = "<group>";
		};
		F6479F4DFEE94A1630AE0899 /* Pods */ = {
			isa = PBXGroup;
			children = (
				D1305956A4F0B0F09A84ECD2 /* Pods-Todoey.debug.xcconfig */,
				9918F40D2F5BD9B065CDA16A /* Pods-Todoey.release.xcconfig */,
			);
			path = Pods;
			sourceTree = "<group>";
		};
/* End PBXGroup section */

/* Begin PBXNativeTarget section */
		CF1EC29B247B19C600873DB8 /* Todoey */ = {
			isa = PBXNativeTarget;
			buildConfigurationList = CF1EC2B0247B19CA00873DB8 /* Build configuration list for PBXNativeTarget "Todoey" */;
			buildPhases = (
				7927BC0F67B121D6E0603979 /* [CP] Check Pods Manifest.lock */,
				CF1EC298247B19C600873DB8 /* Sources */,
				CF1EC299247B19C600873DB8 /* Frameworks */,
				CF1EC29A247B19C600873DB8 /* Resources */,
				07D931BFC92BEF55597945BD /* [CP] Embed Pods Frameworks */,
			);
			buildRules = (
			);
			dependencies = (
			);
			name = Todoey;
			productName = Todoey;
			productReference = CF1EC29C247B19C600873DB8 /* Todoey.app */;
			productType = "com.apple.product-type.application";
		};
/* End PBXNativeTarget section */

/* Begin PBXProject section */
		CF1EC294247B19C600873DB8 /* Project object */ = {
			isa = PBXProject;
			attributes = {
				LastSwiftUpdateCheck = 1140;
				LastUpgradeCheck = 1140;
				ORGANIZATIONNAME = "Max Thomas";
				TargetAttributes = {
					CF1EC29B247B19C600873DB8 = {
						CreatedOnToolsVersion = 11.4.1;
					};
				};
			};
			buildConfigurationList = CF1EC297247B19C600873DB8 /* Build configuration list for PBXProject "Todoey" */;
			compatibilityVersion = "Xcode 9.3";
			developmentRegion = en;
			hasScannedForEncodings = 0;
			knownRegions = (
				en,
				Base,
			);
			mainGroup = CF1EC293247B19C600873DB8;
			productRefGroup = CF1EC29D247B19C600873DB8 /* Products */;
			projectDirPath = "";
			projectRoot = "";
			targets = (
				CF1EC29B247B19C600873DB8 /* Todoey */,
			);
		};
/* End PBXProject section */

/* Begin PBXResourcesBuildPhase section */
		CF1EC29A247B19C600873DB8 /* Resources */ = {
			isa = PBXResourcesBuildPhase;
			buildActionMask = 2147483647;
			files = (
				CF1EC2AC247B19CA00873DB8 /* LaunchScreen.storyboard in Resources */,
				CF1EC2A9247B19CA00873DB8 /* Assets.xcassets in Resources */,
				CF1EC2A7247B19C600873DB8 /* Main.storyboard in Resources */,
			);
			runOnlyForDeploymentPostprocessing = 0;
		};
/* End PBXResourcesBuildPhase section */

/* Begin PBXShellScriptBuildPhase section */
		07D931BFC92BEF55597945BD /* [CP] Embed Pods Frameworks */ = {
			isa = PBXShellScriptBuildPhase;
			buildActionMask = 2147483647;
			files = (
			);
			inputFileListPaths = (
				"${PODS_ROOT}/Target Support Files/Pods-Todoey/Pods-Todoey-frameworks-${CONFIGURATION}-input-files.xcfilelist",
			);
			name = "[CP] Embed Pods Frameworks";
			outputFileListPaths = (
				"${PODS_ROOT}/Target Support Files/Pods-Todoey/Pods-Todoey-frameworks-${CONFIGURATION}-output-files.xcfilelist",
			);
			runOnlyForDeploymentPostprocessing = 0;
			shellPath = /bin/sh;
			shellScript = "\"${PODS_ROOT}/Target Support Files/Pods-Todoey/Pods-Todoey-frameworks.sh\"\n";
			showEnvVarsInLog = 0;
		};
		7927BC0F67B121D6E0603979 /* [CP] Check Pods Manifest.lock */ = {
			isa = PBXShellScriptBuildPhase;
			buildActionMask = 2147483647;
			files = (
			);
			inputFileListPaths = (
			);
			inputPaths = (
				"${PODS_PODFILE_DIR_PATH}/Podfile.lock",
				"${PODS_ROOT}/Manifest.lock",
			);
			name = "[CP] Check Pods Manifest.lock";
			outputFileListPaths = (
			);
			outputPaths = (
				"$(DERIVED_FILE_DIR)/Pods-Todoey-checkManifestLockResult.txt",
			);
			runOnlyForDeploymentPostprocessing = 0;
			shellPath = /bin/sh;
			shellScript = "diff \"${PODS_PODFILE_DIR_PATH}/Podfile.lock\" \"${PODS_ROOT}/Manifest.lock\" > /dev/null\nif [ $? != 0 ] ; then\n    # print error to STDERR\n    echo \"error: The sandbox is not in sync with the Podfile.lock. Run 'pod install' or update your CocoaPods installation.\" >&2\n    exit 1\nfi\n# This output is used by Xcode 'outputs' to avoid re-running this script phase.\necho \"SUCCESS\" > \"${SCRIPT_OUTPUT_FILE_0}\"\n";
			showEnvVarsInLog = 0;
		};
/* End PBXShellScriptBuildPhase section */

/* Begin PBXSourcesBuildPhase section */
		CF1EC298247B19C600873DB8 /* Sources */ = {
			isa = PBXSourcesBuildPhase;
			buildActionMask = 2147483647;
			files = (
				CF3FA7DF2483094900D1B1E0 /* CategoryViewController.swift in Sources */,
				CF1EC2B4247B1BC000873DB8 /* ToDoListViewController.swift in Sources */,
				CF1EC2A0247B19C600873DB8 /* AppDelegate.swift in Sources */,
				CF983378248BA62700F6C784 /* SwipeTableViewController.swift in Sources */,
				CF88C0A62489700200B00345 /* Item.swift in Sources */,
				CF1EC2A2247B19C600873DB8 /* SceneDelegate.swift in Sources */,
				CF88C0A82489701200B00345 /* Category.swift in Sources */,
			);
			runOnlyForDeploymentPostprocessing = 0;
		};
/* End PBXSourcesBuildPhase section */

/* Begin PBXVariantGroup section */
		CF1EC2A5247B19C600873DB8 /* Main.storyboard */ = {
			isa = PBXVariantGroup;
			children = (
				CF1EC2A6247B19C600873DB8 /* Base */,
			);
			name = Main.storyboard;
			sourceTree = "<group>";
		};
		CF1EC2AA247B19CA00873DB8 /* LaunchScreen.storyboard */ = {
			isa = PBXVariantGroup;
			children = (
				CF1EC2AB247B19CA00873DB8 /* Base */,
			);
			name = LaunchScreen.storyboard;
			sourceTree = "<group>";
		};
/* End PBXVariantGroup section */

/* Begin XCBuildConfiguration section */
		CF1EC2AE247B19CA00873DB8 /* Debug */ = {
			isa = XCBuildConfiguration;
			buildSettings = {
				ALWAYS_SEARCH_USER_PATHS = NO;
				CLANG_ANALYZER_NONNULL = YES;
				CLANG_ANALYZER_NUMBER_OBJECT_CONVERSION = YES_AGGRESSIVE;
				CLANG_CXX_LANGUAGE_STANDARD = "gnu++14";
				CLANG_CXX_LIBRARY = "libc++";
				CLANG_ENABLE_MODULES = YES;
				CLANG_ENABLE_OBJC_ARC = YES;
				CLANG_ENABLE_OBJC_WEAK = YES;
				CLANG_WARN_BLOCK_CAPTURE_AUTORELEASING = YES;
				CLANG_WARN_BOOL_CONVERSION = YES;
				CLANG_WARN_COMMA = YES;
				CLANG_WARN_CONSTANT_CONVERSION = YES;
				CLANG_WARN_DEPRECATED_OBJC_IMPLEMENTATIONS = YES;
				CLANG_WARN_DIRECT_OBJC_ISA_USAGE = YES_ERROR;
				CLANG_WARN_DOCUMENTATION_COMMENTS = YES;
				CLANG_WARN_EMPTY_BODY = YES;
				CLANG_WARN_ENUM_CONVERSION = YES;
				CLANG_WARN_INFINITE_RECURSION = YES;
				CLANG_WARN_INT_CONVERSION = YES;
				CLANG_WARN_NON_LITERAL_NULL_CONVERSION = YES;
				CLANG_WARN_OBJC_IMPLICIT_RETAIN_SELF = YES;
				CLANG_WARN_OBJC_LITERAL_CONVERSION = YES;
				CLANG_WARN_OBJC_ROOT_CLASS = YES_ERROR;
				CLANG_WARN_RANGE_LOOP_ANALYSIS = YES;
				CLANG_WARN_STRICT_PROTOTYPES = YES;
				CLANG_WARN_SUSPICIOUS_MOVE = YES;
				CLANG_WARN_UNGUARDED_AVAILABILITY = YES_AGGRESSIVE;
				CLANG_WARN_UNREACHABLE_CODE = YES;
				CLANG_WARN__DUPLICATE_METHOD_MATCH = YES;
				COPY_PHASE_STRIP = NO;
				DEBUG_INFORMATION_FORMAT = dwarf;
				ENABLE_STRICT_OBJC_MSGSEND = YES;
				ENABLE_TESTABILITY = YES;
				GCC_C_LANGUAGE_STANDARD = gnu11;
				GCC_DYNAMIC_NO_PIC = NO;
				GCC_NO_COMMON_BLOCKS = YES;
				GCC_OPTIMIZATION_LEVEL = 0;
				GCC_PREPROCESSOR_DEFINITIONS = (
					"DEBUG=1",
					"$(inherited)",
				);
				GCC_WARN_64_TO_32_BIT_CONVERSION = YES;
				GCC_WARN_ABOUT_RETURN_TYPE = YES_ERROR;
				GCC_WARN_UNDECLARED_SELECTOR = YES;
				GCC_WARN_UNINITIALIZED_AUTOS = YES_AGGRESSIVE;
				GCC_WARN_UNUSED_FUNCTION = YES;
				GCC_WARN_UNUSED_VARIABLE = YES;
				IPHONEOS_DEPLOYMENT_TARGET = 13.4;
				MTL_ENABLE_DEBUG_INFO = INCLUDE_SOURCE;
				MTL_FAST_MATH = YES;
				ONLY_ACTIVE_ARCH = YES;
				SDKROOT = iphoneos;
				SWIFT_ACTIVE_COMPILATION_CONDITIONS = DEBUG;
				SWIFT_OPTIMIZATION_LEVEL = "-Onone";
			};
			name = Debug;
		};
		CF1EC2AF247B19CA00873DB8 /* Release */ = {
			isa = XCBuildConfiguration;
			buildSettings = {
				ALWAYS_SEARCH_USER_PATHS = NO;
				CLANG_ANALYZER_NONNULL = YES;
				CLANG_ANALYZER_NUMBER_OBJECT_CONVERSION = YES_AGGRESSIVE;
				CLANG_CXX_LANGUAGE_STANDARD = "gnu++14";
				CLANG_CXX_LIBRARY = "libc++";
				CLANG_ENABLE_MODULES = YES;
				CLANG_ENABLE_OBJC_ARC = YES;
				CLANG_ENABLE_OBJC_WEAK = YES;
				CLANG_WARN_BLOCK_CAPTURE_AUTORELEASING = YES;
				CLANG_WARN_BOOL_CONVERSION = YES;
				CLANG_WARN_COMMA = YES;
				CLANG_WARN_CONSTANT_CONVERSION = YES;
				CLANG_WARN_DEPRECATED_OBJC_IMPLEMENTATIONS = YES;
				CLANG_WARN_DIRECT_OBJC_ISA_USAGE = YES_ERROR;
				CLANG_WARN_DOCUMENTATION_COMMENTS = YES;
				CLANG_WARN_EMPTY_BODY = YES;
				CLANG_WARN_ENUM_CONVERSION = YES;
				CLANG_WARN_INFINITE_RECURSION = YES;
				CLANG_WARN_INT_CONVERSION = YES;
				CLANG_WARN_NON_LITERAL_NULL_CONVERSION = YES;
				CLANG_WARN_OBJC_IMPLICIT_RETAIN_SELF = YES;
				CLANG_WARN_OBJC_LITERAL_CONVERSION = YES;
				CLANG_WARN_OBJC_ROOT_CLASS = YES_ERROR;
				CLANG_WARN_RANGE_LOOP_ANALYSIS = YES;
				CLANG_WARN_STRICT_PROTOTYPES = YES;
				CLANG_WARN_SUSPICIOUS_MOVE = YES;
				CLANG_WARN_UNGUARDED_AVAILABILITY = YES_AGGRESSIVE;
				CLANG_WARN_UNREACHABLE_CODE = YES;
				CLANG_WARN__DUPLICATE_METHOD_MATCH = YES;
				COPY_PHASE_STRIP = NO;
				DEBUG_INFORMATION_FORMAT = "dwarf-with-dsym";
				ENABLE_NS_ASSERTIONS = NO;
				ENABLE_STRICT_OBJC_MSGSEND = YES;
				GCC_C_LANGUAGE_STANDARD = gnu11;
				GCC_NO_COMMON_BLOCKS = YES;
				GCC_WARN_64_TO_32_BIT_CONVERSION = YES;
				GCC_WARN_ABOUT_RETURN_TYPE = YES_ERROR;
				GCC_WARN_UNDECLARED_SELECTOR = YES;
				GCC_WARN_UNINITIALIZED_AUTOS = YES_AGGRESSIVE;
				GCC_WARN_UNUSED_FUNCTION = YES;
				GCC_WARN_UNUSED_VARIABLE = YES;
				IPHONEOS_DEPLOYMENT_TARGET = 13.4;
				MTL_ENABLE_DEBUG_INFO = NO;
				MTL_FAST_MATH = YES;
				SDKROOT = iphoneos;
				SWIFT_COMPILATION_MODE = wholemodule;
				SWIFT_OPTIMIZATION_LEVEL = "-O";
				VALIDATE_PRODUCT = YES;
			};
			name = Release;
		};
		CF1EC2B1247B19CA00873DB8 /* Debug */ = {
			isa = XCBuildConfiguration;
			baseConfigurationReference = D1305956A4F0B0F09A84ECD2 /* Pods-Todoey.debug.xcconfig */;
			buildSettings = {
				ASSETCATALOG_COMPILER_APPICON_NAME = AppIcon;
				CODE_SIGN_STYLE = Automatic;
				DEVELOPMENT_TEAM = 6VC7V8Z2BQ;
				INFOPLIST_FILE = Todoey/Info.plist;
				LD_RUNPATH_SEARCH_PATHS = (
					"$(inherited)",
					"@executable_path/Frameworks",
				);
				PRODUCT_BUNDLE_IDENTIFIER = com.maxthomas.Todoey;
				PRODUCT_NAME = "$(TARGET_NAME)";
				SWIFT_VERSION = 5.0;
				TARGETED_DEVICE_FAMILY = "1,2";
			};
			name = Debug;
		};
		CF1EC2B2247B19CA00873DB8 /* Release */ = {
			isa = XCBuildConfiguration;
			baseConfigurationReference = 9918F40D2F5BD9B065CDA16A /* Pods-Todoey.release.xcconfig */;
			buildSettings = {
				ASSETCATALOG_COMPILER_APPICON_NAME = AppIcon;
				CODE_SIGN_STYLE = Automatic;
				DEVELOPMENT_TEAM = 6VC7V8Z2BQ;
				INFOPLIST_FILE = Todoey/Info.plist;
				LD_RUNPATH_SEARCH_PATHS = (
					"$(inherited)",
					"@executable_path/Frameworks",
				);
				PRODUCT_BUNDLE_IDENTIFIER = com.maxthomas.Todoey;
				PRODUCT_NAME = "$(TARGET_NAME)";
				SWIFT_VERSION = 5.0;
				TARGETED_DEVICE_FAMILY = "1,2";
			};
			name = Release;
		};
/* End XCBuildConfiguration section */

/* Begin XCConfigurationList section */
		CF1EC297247B19C600873DB8 /* Build configuration list for PBXProject "Todoey" */ = {
			isa = XCConfigurationList;
			buildConfigurations = (
				CF1EC2AE247B19CA00873DB8 /* Debug */,
				CF1EC2AF247B19CA00873DB8 /* Release */,
			);
			defaultConfigurationIsVisible = 0;
			defaultConfigurationName = Release;
		};
		CF1EC2B0247B19CA00873DB8 /* Build configuration list for PBXNativeTarget "Todoey" */ = {
			isa = XCConfigurationList;
			buildConfigurations = (
				CF1EC2B1247B19CA00873DB8 /* Debug */,
				CF1EC2B2247B19CA00873DB8 /* Release */,
			);
			defaultConfigurationIsVisible = 0;
			defaultConfigurationName = Release;
		};
/* End XCConfigurationList section */
	};
	rootObject = CF1EC294247B19C600873DB8 /* Project object */;
}
